// !$*UTF8*$!
{
	archiveVersion = 1;
	classes = {
	};
	objectVersion = 50;
	objects = {

/* Begin PBXBuildFile section */
		62532714223D684C00B5F47A /* AppDelegate.swift in Sources */ = {isa = PBXBuildFile; fileRef = 62532713223D684C00B5F47A /* AppDelegate.swift */; };
		6253271B223D684F00B5F47A /* Assets.xcassets in Resources */ = {isa = PBXBuildFile; fileRef = 6253271A223D684F00B5F47A /* Assets.xcassets */; };
		6253271E223D684F00B5F47A /* LaunchScreen.storyboard in Resources */ = {isa = PBXBuildFile; fileRef = 6253271C223D684F00B5F47A /* LaunchScreen.storyboard */; };
		6253272B223D6A5C00B5F47A /* Coordinator.swift in Sources */ = {isa = PBXBuildFile; fileRef = 6253272A223D6A5C00B5F47A /* Coordinator.swift */; };
		6253272D223D6A8C00B5F47A /* AppCoordinator.swift in Sources */ = {isa = PBXBuildFile; fileRef = 6253272C223D6A8C00B5F47A /* AppCoordinator.swift */; };
		62532731223D6B3800B5F47A /* Api.swift in Sources */ = {isa = PBXBuildFile; fileRef = 62532730223D6B3800B5F47A /* Api.swift */; };
		62532733223D6E3600B5F47A /* BuyTIcketsCoordinator.swift in Sources */ = {isa = PBXBuildFile; fileRef = 62532732223D6E3600B5F47A /* BuyTIcketsCoordinator.swift */; };
		62532735223D6FC000B5F47A /* BuyTicketsTableViewController.swift in Sources */ = {isa = PBXBuildFile; fileRef = 62532734223D6FC000B5F47A /* BuyTicketsTableViewController.swift */; };
		62532739223D727300B5F47A /* BuyTickets.storyboard in Resources */ = {isa = PBXBuildFile; fileRef = 62532738223D727300B5F47A /* BuyTickets.storyboard */; };
		6253273E223D747D00B5F47A /* BuyTicketsViewModel.swift in Sources */ = {isa = PBXBuildFile; fileRef = 6253273D223D747D00B5F47A /* BuyTicketsViewModel.swift */; };
		62532740223D74A700B5F47A /* BuyTicketsViewModelProtocols.swift in Sources */ = {isa = PBXBuildFile; fileRef = 6253273F223D74A700B5F47A /* BuyTicketsViewModelProtocols.swift */; };
		62532743223D763A00B5F47A /* BuyTicketsViewDataType.swift in Sources */ = {isa = PBXBuildFile; fileRef = 62532742223D763A00B5F47A /* BuyTicketsViewDataType.swift */; };
/* End PBXBuildFile section */

/* Begin PBXFileReference section */
		62532710223D684C00B5F47A /* CinemaTickets.app */ = {isa = PBXFileReference; explicitFileType = wrapper.application; includeInIndex = 0; path = CinemaTickets.app; sourceTree = BUILT_PRODUCTS_DIR; };
		62532713223D684C00B5F47A /* AppDelegate.swift */ = {isa = PBXFileReference; lastKnownFileType = sourcecode.swift; path = AppDelegate.swift; sourceTree = "<group>"; };
		6253271A223D684F00B5F47A /* Assets.xcassets */ = {isa = PBXFileReference; lastKnownFileType = folder.assetcatalog; path = Assets.xcassets; sourceTree = "<group>"; };
		6253271D223D684F00B5F47A /* Base */ = {isa = PBXFileReference; lastKnownFileType = file.storyboard; name = Base; path = Base.lproj/LaunchScreen.storyboard; sourceTree = "<group>"; };
		6253271F223D684F00B5F47A /* Info.plist */ = {isa = PBXFileReference; lastKnownFileType = text.plist.xml; path = Info.plist; sourceTree = "<group>"; };
		6253272A223D6A5C00B5F47A /* Coordinator.swift */ = {isa = PBXFileReference; lastKnownFileType = sourcecode.swift; path = Coordinator.swift; sourceTree = "<group>"; };
		6253272C223D6A8C00B5F47A /* AppCoordinator.swift */ = {isa = PBXFileReference; lastKnownFileType = sourcecode.swift; path = AppCoordinator.swift; sourceTree = "<group>"; };
		62532730223D6B3800B5F47A /* Api.swift */ = {isa = PBXFileReference; lastKnownFileType = sourcecode.swift; path = Api.swift; sourceTree = "<group>"; };
		62532732223D6E3600B5F47A /* BuyTIcketsCoordinator.swift */ = {isa = PBXFileReference; lastKnownFileType = sourcecode.swift; path = BuyTIcketsCoordinator.swift; sourceTree = "<group>"; };
		62532734223D6FC000B5F47A /* BuyTicketsTableViewController.swift */ = {isa = PBXFileReference; lastKnownFileType = sourcecode.swift; path = BuyTicketsTableViewController.swift; sourceTree = "<group>"; };
		62532738223D727300B5F47A /* BuyTickets.storyboard */ = {isa = PBXFileReference; lastKnownFileType = file.storyboard; path = BuyTickets.storyboard; sourceTree = "<group>"; };
		6253273D223D747D00B5F47A /* BuyTicketsViewModel.swift */ = {isa = PBXFileReference; lastKnownFileType = sourcecode.swift; path = BuyTicketsViewModel.swift; sourceTree = "<group>"; };
		6253273F223D74A700B5F47A /* BuyTicketsViewModelProtocols.swift */ = {isa = PBXFileReference; lastKnownFileType = sourcecode.swift; path = BuyTicketsViewModelProtocols.swift; sourceTree = "<group>"; };
		62532742223D763A00B5F47A /* BuyTicketsViewDataType.swift */ = {isa = PBXFileReference; lastKnownFileType = sourcecode.swift; path = BuyTicketsViewDataType.swift; sourceTree = "<group>"; };
/* End PBXFileReference section */

/* Begin PBXFrameworksBuildPhase section */
		6253270D223D684C00B5F47A /* Frameworks */ = {
			isa = PBXFrameworksBuildPhase;
			buildActionMask = 2147483647;
			files = (
			);
			runOnlyForDeploymentPostprocessing = 0;
		};
/* End PBXFrameworksBuildPhase section */

/* Begin PBXGroup section */
		62532707223D684C00B5F47A = {
			isa = PBXGroup;
			children = (
				62532712223D684C00B5F47A /* CinemaTickets */,
				62532711223D684C00B5F47A /* Products */,
			);
			sourceTree = "<group>";
		};
		62532711223D684C00B5F47A /* Products */ = {
			isa = PBXGroup;
			children = (
				62532710223D684C00B5F47A /* CinemaTickets.app */,
			);
			name = Products;
			sourceTree = "<group>";
		};
		62532712223D684C00B5F47A /* CinemaTickets */ = {
			isa = PBXGroup;
			children = (
				62532727223D6A0C00B5F47A /* App */,
				62532728223D6A2700B5F47A /* Scenes */,
				6253272E223D6B0300B5F47A /* Services */,
			);
			path = CinemaTickets;
			sourceTree = "<group>";
		};
		62532727223D6A0C00B5F47A /* App */ = {
			isa = PBXGroup;
			children = (
				62532713223D684C00B5F47A /* AppDelegate.swift */,
				6253271A223D684F00B5F47A /* Assets.xcassets */,
				6253271C223D684F00B5F47A /* LaunchScreen.storyboard */,
				6253271F223D684F00B5F47A /* Info.plist */,
			);
			name = App;
			sourceTree = "<group>";
		};
		62532728223D6A2700B5F47A /* Scenes */ = {
			isa = PBXGroup;
			children = (
				6253272A223D6A5C00B5F47A /* Coordinator.swift */,
				6253272C223D6A8C00B5F47A /* AppCoordinator.swift */,
				62532729223D6A3600B5F47A /* Buy Tickets */,
			);
			name = Scenes;
			sourceTree = "<group>";
		};
		62532729223D6A3600B5F47A /* Buy Tickets */ = {
			isa = PBXGroup;
			children = (
				62532732223D6E3600B5F47A /* BuyTIcketsCoordinator.swift */,
				6253273B223D744100B5F47A /* ViewModels */,
				6253273C223D744C00B5F47A /* ViewControllers */,
				62532741223D761100B5F47A /* ViewDatas */,
				6253273A223D743600B5F47A /* Views */,
			);
			name = "Buy Tickets";
			sourceTree = "<group>";
		};
		6253272E223D6B0300B5F47A /* Services */ = {
			isa = PBXGroup;
			children = (
				6253272F223D6B1400B5F47A /* Networking */,
			);
			name = Services;
			sourceTree = "<group>";
		};
		6253272F223D6B1400B5F47A /* Networking */ = {
			isa = PBXGroup;
			children = (
				62532730223D6B3800B5F47A /* Api.swift */,
			);
			name = Networking;
			sourceTree = "<group>";
		};
		6253273A223D743600B5F47A /* Views */ = {
			isa = PBXGroup;
			children = (
				62532738223D727300B5F47A /* BuyTickets.storyboard */,
			);
			name = Views;
			sourceTree = "<group>";
		};
		6253273B223D744100B5F47A /* ViewModels */ = {
			isa = PBXGroup;
			children = (
				6253273D223D747D00B5F47A /* BuyTicketsViewModel.swift */,
				6253273F223D74A700B5F47A /* BuyTicketsViewModelProtocols.swift */,
			);
			name = ViewModels;
			sourceTree = "<group>";
		};
		6253273C223D744C00B5F47A /* ViewControllers */ = {
			isa = PBXGroup;
			children = (
				62532734223D6FC000B5F47A /* BuyTicketsTableViewController.swift */,
			);
			name = ViewControllers;
			sourceTree = "<group>";
		};
		62532741223D761100B5F47A /* ViewDatas */ = {
			isa = PBXGroup;
			children = (
				62532742223D763A00B5F47A /* BuyTicketsViewDataType.swift */,
			);
			name = ViewDatas;
			sourceTree = "<group>";
		};
/* End PBXGroup section */

/* Begin PBXNativeTarget section */
		6253270F223D684C00B5F47A /* CinemaTickets */ = {
			isa = PBXNativeTarget;
			buildConfigurationList = 62532722223D684F00B5F47A /* Build configuration list for PBXNativeTarget "CinemaTickets" */;
			buildPhases = (
				6253270C223D684C00B5F47A /* Sources */,
				6253270D223D684C00B5F47A /* Frameworks */,
				6253270E223D684C00B5F47A /* Resources */,
			);
			buildRules = (
			);
			dependencies = (
			);
			name = CinemaTickets;
			productName = CinemaTickets;
			productReference = 62532710223D684C00B5F47A /* CinemaTickets.app */;
			productType = "com.apple.product-type.application";
		};
/* End PBXNativeTarget section */

/* Begin PBXProject section */
		62532708223D684C00B5F47A /* Project object */ = {
			isa = PBXProject;
			attributes = {
				LastSwiftUpdateCheck = 1010;
				LastUpgradeCheck = 1010;
				ORGANIZATIONNAME = "João Carreira";
				TargetAttributes = {
					6253270F223D684C00B5F47A = {
						CreatedOnToolsVersion = 10.1;
					};
				};
			};
			buildConfigurationList = 6253270B223D684C00B5F47A /* Build configuration list for PBXProject "CinemaTickets" */;
			compatibilityVersion = "Xcode 9.3";
			developmentRegion = en;
			hasScannedForEncodings = 0;
			knownRegions = (
				en,
				Base,
			);
			mainGroup = 62532707223D684C00B5F47A;
			productRefGroup = 62532711223D684C00B5F47A /* Products */;
			projectDirPath = "";
			projectRoot = "";
			targets = (
				6253270F223D684C00B5F47A /* CinemaTickets */,
			);
		};
/* End PBXProject section */

/* Begin PBXResourcesBuildPhase section */
		6253270E223D684C00B5F47A /* Resources */ = {
			isa = PBXResourcesBuildPhase;
			buildActionMask = 2147483647;
			files = (
				6253271E223D684F00B5F47A /* LaunchScreen.storyboard in Resources */,
				6253271B223D684F00B5F47A /* Assets.xcassets in Resources */,
				62532739223D727300B5F47A /* BuyTickets.storyboard in Resources */,
			);
			runOnlyForDeploymentPostprocessing = 0;
		};
/* End PBXResourcesBuildPhase section */

/* Begin PBXSourcesBuildPhase section */
		6253270C223D684C00B5F47A /* Sources */ = {
			isa = PBXSourcesBuildPhase;
			buildActionMask = 2147483647;
			files = (
				6253272D223D6A8C00B5F47A /* AppCoordinator.swift in Sources */,
				62532740223D74A700B5F47A /* BuyTicketsViewModelProtocols.swift in Sources */,
				62532735223D6FC000B5F47A /* BuyTicketsTableViewController.swift in Sources */,
				6253273E223D747D00B5F47A /* BuyTicketsViewModel.swift in Sources */,
				6253272B223D6A5C00B5F47A /* Coordinator.swift in Sources */,
				62532743223D763A00B5F47A /* BuyTicketsViewDataType.swift in Sources */,
				62532731223D6B3800B5F47A /* Api.swift in Sources */,
				62532714223D684C00B5F47A /* AppDelegate.swift in Sources */,
				62532733223D6E3600B5F47A /* BuyTIcketsCoordinator.swift in Sources */,
			);
			runOnlyForDeploymentPostprocessing = 0;
		};
/* End PBXSourcesBuildPhase section */

/* Begin PBXVariantGroup section */
		6253271C223D684F00B5F47A /* LaunchScreen.storyboard */ = {
			isa = PBXVariantGroup;
			children = (
				6253271D223D684F00B5F47A /* Base */,
			);
			name = LaunchScreen.storyboard;
			sourceTree = "<group>";
		};
/* End PBXVariantGroup section */

/* Begin XCBuildConfiguration section */
		62532720223D684F00B5F47A /* Debug */ = {
			isa = XCBuildConfiguration;
			buildSettings = {
				ALWAYS_SEARCH_USER_PATHS = NO;
				CLANG_ANALYZER_NONNULL = YES;
				CLANG_ANALYZER_NUMBER_OBJECT_CONVERSION = YES_AGGRESSIVE;
				CLANG_CXX_LANGUAGE_STANDARD = "gnu++14";
				CLANG_CXX_LIBRARY = "libc++";
				CLANG_ENABLE_MODULES = YES;
				CLANG_ENABLE_OBJC_ARC = YES;
				CLANG_ENABLE_OBJC_WEAK = YES;
				CLANG_WARN_BLOCK_CAPTURE_AUTORELEASING = YES;
				CLANG_WARN_BOOL_CONVERSION = YES;
				CLANG_WARN_COMMA = YES;
				CLANG_WARN_CONSTANT_CONVERSION = YES;
				CLANG_WARN_DEPRECATED_OBJC_IMPLEMENTATIONS = YES;
				CLANG_WARN_DIRECT_OBJC_ISA_USAGE = YES_ERROR;
				CLANG_WARN_DOCUMENTATION_COMMENTS = YES;
				CLANG_WARN_EMPTY_BODY = YES;
				CLANG_WARN_ENUM_CONVERSION = YES;
				CLANG_WARN_INFINITE_RECURSION = YES;
				CLANG_WARN_INT_CONVERSION = YES;
				CLANG_WARN_NON_LITERAL_NULL_CONVERSION = YES;
				CLANG_WARN_OBJC_IMPLICIT_RETAIN_SELF = YES;
				CLANG_WARN_OBJC_LITERAL_CONVERSION = YES;
				CLANG_WARN_OBJC_ROOT_CLASS = YES_ERROR;
				CLANG_WARN_RANGE_LOOP_ANALYSIS = YES;
				CLANG_WARN_STRICT_PROTOTYPES = YES;
				CLANG_WARN_SUSPICIOUS_MOVE = YES;
				CLANG_WARN_UNGUARDED_AVAILABILITY = YES_AGGRESSIVE;
				CLANG_WARN_UNREACHABLE_CODE = YES;
				CLANG_WARN__DUPLICATE_METHOD_MATCH = YES;
				CODE_SIGN_IDENTITY = "iPhone Developer";
				COPY_PHASE_STRIP = NO;
				DEBUG_INFORMATION_FORMAT = dwarf;
				ENABLE_STRICT_OBJC_MSGSEND = YES;
				ENABLE_TESTABILITY = YES;
				GCC_C_LANGUAGE_STANDARD = gnu11;
				GCC_DYNAMIC_NO_PIC = NO;
				GCC_NO_COMMON_BLOCKS = YES;
				GCC_OPTIMIZATION_LEVEL = 0;
				GCC_PREPROCESSOR_DEFINITIONS = (
					"DEBUG=1",
					"$(inherited)",
				);
				GCC_WARN_64_TO_32_BIT_CONVERSION = YES;
				GCC_WARN_ABOUT_RETURN_TYPE = YES_ERROR;
				GCC_WARN_UNDECLARED_SELECTOR = YES;
				GCC_WARN_UNINITIALIZED_AUTOS = YES_AGGRESSIVE;
				GCC_WARN_UNUSED_FUNCTION = YES;
				GCC_WARN_UNUSED_VARIABLE = YES;
				IPHONEOS_DEPLOYMENT_TARGET = 12.1;
				MTL_ENABLE_DEBUG_INFO = INCLUDE_SOURCE;
				MTL_FAST_MATH = YES;
				ONLY_ACTIVE_ARCH = YES;
				SDKROOT = iphoneos;
				SWIFT_ACTIVE_COMPILATION_CONDITIONS = DEBUG;
				SWIFT_OPTIMIZATION_LEVEL = "-Onone";
			};
			name = Debug;
		};
		62532721223D684F00B5F47A /* Release */ = {
			isa = XCBuildConfiguration;
			buildSettings = {
				ALWAYS_SEARCH_USER_PATHS = NO;
				CLANG_ANALYZER_NONNULL = YES;
				CLANG_ANALYZER_NUMBER_OBJECT_CONVERSION = YES_AGGRESSIVE;
				CLANG_CXX_LANGUAGE_STANDARD = "gnu++14";
				CLANG_CXX_LIBRARY = "libc++";
				CLANG_ENABLE_MODULES = YES;
				CLANG_ENABLE_OBJC_ARC = YES;
				CLANG_ENABLE_OBJC_WEAK = YES;
				CLANG_WARN_BLOCK_CAPTURE_AUTORELEASING = YES;
				CLANG_WARN_BOOL_CONVERSION = YES;
				CLANG_WARN_COMMA = YES;
				CLANG_WARN_CONSTANT_CONVERSION = YES;
				CLANG_WARN_DEPRECATED_OBJC_IMPLEMENTATIONS = YES;
				CLANG_WARN_DIRECT_OBJC_ISA_USAGE = YES_ERROR;
				CLANG_WARN_DOCUMENTATION_COMMENTS = YES;
				CLANG_WARN_EMPTY_BODY = YES;
				CLANG_WARN_ENUM_CONVERSION = YES;
				CLANG_WARN_INFINITE_RECURSION = YES;
				CLANG_WARN_INT_CONVERSION = YES;
				CLANG_WARN_NON_LITERAL_NULL_CONVERSION = YES;
				CLANG_WARN_OBJC_IMPLICIT_RETAIN_SELF = YES;
				CLANG_WARN_OBJC_LITERAL_CONVERSION = YES;
				CLANG_WARN_OBJC_ROOT_CLASS = YES_ERROR;
				CLANG_WARN_RANGE_LOOP_ANALYSIS = YES;
				CLANG_WARN_STRICT_PROTOTYPES = YES;
				CLANG_WARN_SUSPICIOUS_MOVE = YES;
				CLANG_WARN_UNGUARDED_AVAILABILITY = YES_AGGRESSIVE;
				CLANG_WARN_UNREACHABLE_CODE = YES;
				CLANG_WARN__DUPLICATE_METHOD_MATCH = YES;
				CODE_SIGN_IDENTITY = "iPhone Developer";
				COPY_PHASE_STRIP = NO;
				DEBUG_INFORMATION_FORMAT = "dwarf-with-dsym";
				ENABLE_NS_ASSERTIONS = NO;
				ENABLE_STRICT_OBJC_MSGSEND = YES;
				GCC_C_LANGUAGE_STANDARD = gnu11;
				GCC_NO_COMMON_BLOCKS = YES;
				GCC_WARN_64_TO_32_BIT_CONVERSION = YES;
				GCC_WARN_ABOUT_RETURN_TYPE = YES_ERROR;
				GCC_WARN_UNDECLARED_SELECTOR = YES;
				GCC_WARN_UNINITIALIZED_AUTOS = YES_AGGRESSIVE;
				GCC_WARN_UNUSED_FUNCTION = YES;
				GCC_WARN_UNUSED_VARIABLE = YES;
				IPHONEOS_DEPLOYMENT_TARGET = 12.1;
				MTL_ENABLE_DEBUG_INFO = NO;
				MTL_FAST_MATH = YES;
				SDKROOT = iphoneos;
				SWIFT_COMPILATION_MODE = wholemodule;
				SWIFT_OPTIMIZATION_LEVEL = "-O";
				VALIDATE_PRODUCT = YES;
			};
			name = Release;
		};
		62532723223D684F00B5F47A /* Debug */ = {
			isa = XCBuildConfiguration;
			buildSettings = {
				ASSETCATALOG_COMPILER_APPICON_NAME = AppIcon;
				CODE_SIGN_STYLE = Automatic;
				DEVELOPMENT_TEAM = 757P28B37C;
				INFOPLIST_FILE = CinemaTickets/Info.plist;
				LD_RUNPATH_SEARCH_PATHS = (
					"$(inherited)",
					"@executable_path/Frameworks",
				);
				PRODUCT_BUNDLE_IDENTIFIER = me.jpcarreira.CinemaTickets;
				PRODUCT_NAME = "$(TARGET_NAME)";
				SWIFT_VERSION = 4.2;
				TARGETED_DEVICE_FAMILY = "1,2";
			};
			name = Debug;
		};
		62532724223D684F00B5F47A /* Release */ = {
			isa = XCBuildConfiguration;
			buildSettings = {
				ASSETCATALOG_COMPILER_APPICON_NAME = AppIcon;
				CODE_SIGN_STYLE = Automatic;
				DEVELOPMENT_TEAM = 757P28B37C;
				INFOPLIST_FILE = CinemaTickets/Info.plist;
				LD_RUNPATH_SEARCH_PATHS = (
					"$(inherited)",
					"@executable_path/Frameworks",
				);
				PRODUCT_BUNDLE_IDENTIFIER = me.jpcarreira.CinemaTickets;
				PRODUCT_NAME = "$(TARGET_NAME)";
				SWIFT_VERSION = 4.2;
				TARGETED_DEVICE_FAMILY = "1,2";
			};
			name = Release;
		};
/* End XCBuildConfiguration section */

/* Begin XCConfigurationList section */
		6253270B223D684C00B5F47A /* Build configuration list for PBXProject "CinemaTickets" */ = {
			isa = XCConfigurationList;
			buildConfigurations = (
				62532720223D684F00B5F47A /* Debug */,
				62532721223D684F00B5F47A /* Release */,
			);
			defaultConfigurationIsVisible = 0;
			defaultConfigurationName = Release;
		};
		62532722223D684F00B5F47A /* Build configuration list for PBXNativeTarget "CinemaTickets" */ = {
			isa = XCConfigurationList;
			buildConfigurations = (
				62532723223D684F00B5F47A /* Debug */,
				62532724223D684F00B5F47A /* Release */,
			);
			defaultConfigurationIsVisible = 0;
			defaultConfigurationName = Release;
		};
/* End XCConfigurationList section */
	};
	rootObject = 62532708223D684C00B5F47A /* Project object */;
}
